<Solution>
  <Project Path="AbstractClassAnDMethods/AbstractClassAnDMethods.csproj" Id="3a2859e4-9fc1-4a81-abf4-09a606fbb0c5" />
  <Project Path="Constructor-Private/Constructor-Private.csproj" Id="94455d0d-b651-4363-80e3-a8e842cacf21" />
  <Project Path="DelegateSample/DelegateSample.csproj" Id="1bb15393-cadb-47c5-92c8-370f26aa696e" />
  <Project Path="DelegateTypes/DelegateTypes.csproj" Id="55165c30-76a0-46b3-8de9-a0e1884c9429" />
  <Project Path="InheritanceExample/InheritanceExample.csproj" />
  <Project Path="Interfaces/Interfaces.csproj" Id="f34493f1-df8b-4142-98b2-d9c936f5dbf0" />
  <Project Path="MethodHidding/MethodHidding.csproj" />
  <Project Path="MethodOverLoading/MethodOverLoading.csproj" Id="2c0898a8-a256-4017-a2ea-d4be7dac0224" />
  <Project Path="PolyMethodOverriding/PolyMethodOverriding.csproj" />
  <Project Path="Pub-Sub-ActionDelgate/Pub-Sub-ActionDelgate.csproj" Id="d175aba5-39fc-4811-8d74-3a30ca4defd2" />
</Solution>
